
Microsoft Visual Studio Solution File, Format Version 12.00
# Visual Studio Version 17
VisualStudioVersion = 17.7.34031.279
MinimumVisualStudioVersion = 10.0.40219.1
Project("{2150E333-8FDC-42A3-9474-1A3956D46DE8}") = "Resume.Presentation", "Resume.Presentation", "{5D7BCA96-7A4F-4EC6-B0EB-33F803DBF47F}"
EndProject
Project("{9A19103F-16F7-4668-BE54-9A1E7A4F7556}") = "Resume.Presentation", "Resume.Presentation\Resume.Presentation.csproj", "{381ADAE5-127E-4EE2-859B-3EA68B1183FA}"
EndProject
Project("{2150E333-8FDC-42A3-9474-1A3956D46DE8}") = "Resume.Domain", "Resume.Domain", "{5C399489-6F76-4CA0-B97B-371611A1CFF8}"
EndProject
Project("{2150E333-8FDC-42A3-9474-1A3956D46DE8}") = "Resume.Application", "Resume.Application", "{7915E895-8994-4553-9BB8-9D78F7702688}"
EndProject
Project("{2150E333-8FDC-42A3-9474-1A3956D46DE8}") = "Resume.Infrastructure", "Resume.Infrastructure", "{8A6E5ACD-2766-410E-A4B4-3734C5341E1B}"
EndProject
Project("{FAE04EC0-301F-11D3-BF4B-00C04F79EFBC}") = "Resume.Application", "Resume.Application\Resume.Application.csproj", "{96CFC2A6-48F5-40AE-9955-F6D128FFBE7B}"
EndProject
Project("{FAE04EC0-301F-11D3-BF4B-00C04F79EFBC}") = "Resume.Domain", "Resume.Domain\Resume.Domain.csproj", "{B68612E6-D11F-4569-B53F-57C89E9E92EF}"
EndProject
Project("{FAE04EC0-301F-11D3-BF4B-00C04F79EFBC}") = "Resume.Infrastructure", "Resume.Infrastructure\Resume.Infrastructure.csproj", "{5FC66206-9269-46FE-942A-A34168C69425}"
EndProject
Global
	GlobalSection(SolutionConfigurationPlatforms) = preSolution
		Debug|Any CPU = Debug|Any CPU
		Release|Any CPU = Release|Any CPU
	EndGlobalSection
	GlobalSection(ProjectConfigurationPlatforms) = postSolution
		{381ADAE5-127E-4EE2-859B-3EA68B1183FA}.Debug|Any CPU.ActiveCfg = Debug|Any CPU
		{381ADAE5-127E-4EE2-859B-3EA68B1183FA}.Debug|Any CPU.Build.0 = Debug|Any CPU
		{381ADAE5-127E-4EE2-859B-3EA68B1183FA}.Release|Any CPU.ActiveCfg = Release|Any CPU
		{381ADAE5-127E-4EE2-859B-3EA68B1183FA}.Release|Any CPU.Build.0 = Release|Any CPU
		{96CFC2A6-48F5-40AE-9955-F6D128FFBE7B}.Debug|Any CPU.ActiveCfg = Debug|Any CPU
		{96CFC2A6-48F5-40AE-9955-F6D128FFBE7B}.Debug|Any CPU.Build.0 = Debug|Any CPU
		{96CFC2A6-48F5-40AE-9955-F6D128FFBE7B}.Release|Any CPU.ActiveCfg = Release|Any CPU
		{96CFC2A6-48F5-40AE-9955-F6D128FFBE7B}.Release|Any CPU.Build.0 = Release|Any CPU
		{B68612E6-D11F-4569-B53F-57C89E9E92EF}.Debug|Any CPU.ActiveCfg = Debug|Any CPU
		{B68612E6-D11F-4569-B53F-57C89E9E92EF}.Debug|Any CPU.Build.0 = Debug|Any CPU
		{B68612E6-D11F-4569-B53F-57C89E9E92EF}.Release|Any CPU.ActiveCfg = Release|Any CPU
		{B68612E6-D11F-4569-B53F-57C89E9E92EF}.Release|Any CPU.Build.0 = Release|Any CPU
		{5FC66206-9269-46FE-942A-A34168C69425}.Debug|Any CPU.ActiveCfg = Debug|Any CPU
		{5FC66206-9269-46FE-942A-A34168C69425}.Debug|Any CPU.Build.0 = Debug|Any CPU
		{5FC66206-9269-46FE-942A-A34168C69425}.Release|Any CPU.ActiveCfg = Release|Any CPU
		{5FC66206-9269-46FE-942A-A34168C69425}.Release|Any CPU.Build.0 = Release|Any CPU
	EndGlobalSection
	GlobalSection(SolutionProperties) = preSolution
		HideSolutionNode = FALSE
	EndGlobalSection
	GlobalSection(NestedProjects) = preSolution
		{381ADAE5-127E-4EE2-859B-3EA68B1183FA} = {5D7BCA96-7A4F-4EC6-B0EB-33F803DBF47F}
		{96CFC2A6-48F5-40AE-9955-F6D128FFBE7B} = {7915E895-8994-4553-9BB8-9D78F7702688}
		{B68612E6-D11F-4569-B53F-57C89E9E92EF} = {5C399489-6F76-4CA0-B97B-371611A1CFF8}
		{5FC66206-9269-46FE-942A-A34168C69425} = {8A6E5ACD-2766-410E-A4B4-3734C5341E1B}
	EndGlobalSection
	GlobalSection(ExtensibilityGlobals) = postSolution
		SolutionGuid = {CC040809-585A-4EA2-BEDE-0292539298F9}
	EndGlobalSection
EndGlobal
